// !$*UTF8*$!
{
	archiveVersion = 1;
	classes = {
	};
	objectVersion = 46;
	objects = {

/* Begin PBXBuildFile section */
		C03291081D439D2B00798825 /* AppDelegate.swift in Sources */ = {isa = PBXBuildFile; fileRef = C03291071D439D2B00798825 /* AppDelegate.swift */; };
		C03291101D439D2B00798825 /* WhosCookin.xcdatamodeld in Sources */ = {isa = PBXBuildFile; fileRef = C032910E1D439D2B00798825 /* WhosCookin.xcdatamodeld */; };
		C03291121D439D2B00798825 /* Assets.xcassets in Resources */ = {isa = PBXBuildFile; fileRef = C03291111D439D2B00798825 /* Assets.xcassets */; };
		C03291151D439D2B00798825 /* LaunchScreen.storyboard in Resources */ = {isa = PBXBuildFile; fileRef = C03291131D439D2B00798825 /* LaunchScreen.storyboard */; };
		C03291201D439D2B00798825 /* WhosCookinTests.swift in Sources */ = {isa = PBXBuildFile; fileRef = C032911F1D439D2B00798825 /* WhosCookinTests.swift */; };
		C032912B1D439D2B00798825 /* WhosCookinUITests.swift in Sources */ = {isa = PBXBuildFile; fileRef = C032912A1D439D2B00798825 /* WhosCookinUITests.swift */; };
		C065A20C1D4FF2C40064F7B9 /* Main.storyboard in Resources */ = {isa = PBXBuildFile; fileRef = C065A20B1D4FF2C40064F7B9 /* Main.storyboard */; };
		C065A2181D4FF2E40064F7B9 /* CancelledOrderTableViewCell.swift in Sources */ = {isa = PBXBuildFile; fileRef = C065A20E1D4FF2E40064F7B9 /* CancelledOrderTableViewCell.swift */; };
		C065A2191D4FF2E40064F7B9 /* FoodCategoryCollectionViewCell.swift in Sources */ = {isa = PBXBuildFile; fileRef = C065A20F1D4FF2E40064F7B9 /* FoodCategoryCollectionViewCell.swift */; };
		C065A21A1D4FF2E40064F7B9 /* FulfilledOrderTableViewCell.swift in Sources */ = {isa = PBXBuildFile; fileRef = C065A2101D4FF2E40064F7B9 /* FulfilledOrderTableViewCell.swift */; };
		C065A21B1D4FF2E40064F7B9 /* OrderTableViewCell.swift in Sources */ = {isa = PBXBuildFile; fileRef = C065A2111D4FF2E40064F7B9 /* OrderTableViewCell.swift */; };
		C065A21C1D4FF2E40064F7B9 /* FeedTableViewCell.swift in Sources */ = {isa = PBXBuildFile; fileRef = C065A2121D4FF2E40064F7B9 /* FeedTableViewCell.swift */; };
		C065A21D1D4FF2E40064F7B9 /* PendingOrderItemCell.swift in Sources */ = {isa = PBXBuildFile; fileRef = C065A2131D4FF2E40064F7B9 /* PendingOrderItemCell.swift */; };
		C065A21E1D4FF2E40064F7B9 /* PendingOrderTableViewCell.swift in Sources */ = {isa = PBXBuildFile; fileRef = C065A2141D4FF2E40064F7B9 /* PendingOrderTableViewCell.swift */; };
		C065A21F1D4FF2E40064F7B9 /* MealInventoryTableViewCell.swift in Sources */ = {isa = PBXBuildFile; fileRef = C065A2151D4FF2E40064F7B9 /* MealInventoryTableViewCell.swift */; };
		C065A2201D4FF2E40064F7B9 /* FilterLayoutTableViewCell.swift in Sources */ = {isa = PBXBuildFile; fileRef = C065A2161D4FF2E40064F7B9 /* FilterLayoutTableViewCell.swift */; };
		C065A22B1D4FF2F80064F7B9 /* TextFieldTableViewCell.xib in Resources */ = {isa = PBXBuildFile; fileRef = C065A2211D4FF2F80064F7B9 /* TextFieldTableViewCell.xib */; };
		C065A22C1D4FF2F80064F7B9 /* FilterLayoutTableViewCell.xib in Resources */ = {isa = PBXBuildFile; fileRef = C065A2221D4FF2F80064F7B9 /* FilterLayoutTableViewCell.xib */; };
		C065A22D1D4FF2F80064F7B9 /* MultiInputTableViewCell.xib in Resources */ = {isa = PBXBuildFile; fileRef = C065A2231D4FF2F80064F7B9 /* MultiInputTableViewCell.xib */; };
		C065A22E1D4FF2F80064F7B9 /* CancelledOrderTableViewCell.xib in Resources */ = {isa = PBXBuildFile; fileRef = C065A2241D4FF2F80064F7B9 /* CancelledOrderTableViewCell.xib */; };
		C065A22F1D4FF2F80064F7B9 /* FulfilledOrderTableViewCell.xib in Resources */ = {isa = PBXBuildFile; fileRef = C065A2251D4FF2F80064F7B9 /* FulfilledOrderTableViewCell.xib */; };
		C065A2301D4FF2F80064F7B9 /* FeedTableViewCell.xib in Resources */ = {isa = PBXBuildFile; fileRef = C065A2261D4FF2F80064F7B9 /* FeedTableViewCell.xib */; };
		C065A2311D4FF2F80064F7B9 /* OrderTableViewCell.xib in Resources */ = {isa = PBXBuildFile; fileRef = C065A2271D4FF2F80064F7B9 /* OrderTableViewCell.xib */; };
		C065A2321D4FF2F80064F7B9 /* PendingOrderTableViewCell.xib in Resources */ = {isa = PBXBuildFile; fileRef = C065A2281D4FF2F80064F7B9 /* PendingOrderTableViewCell.xib */; };
		C065A2331D4FF2F80064F7B9 /* PendingOrderItemCell.xib in Resources */ = {isa = PBXBuildFile; fileRef = C065A2291D4FF2F80064F7B9 /* PendingOrderItemCell.xib */; };
		C065A2341D4FF2F80064F7B9 /* MealInventoryTableViewCell.xib in Resources */ = {isa = PBXBuildFile; fileRef = C065A22A1D4FF2F80064F7B9 /* MealInventoryTableViewCell.xib */; };
		C065A23B1D4FF3D60064F7B9 /* HomeTableViewController.swift in Sources */ = {isa = PBXBuildFile; fileRef = C065A2391D4FF3D60064F7B9 /* HomeTableViewController.swift */; };
		C065A2471D4FF3E40064F7B9 /* FoodCategoryViewController.swift in Sources */ = {isa = PBXBuildFile; fileRef = C065A23C1D4FF3E40064F7B9 /* FoodCategoryViewController.swift */; };
		C065A2481D4FF3E40064F7B9 /* LocationSearchViewController.swift in Sources */ = {isa = PBXBuildFile; fileRef = C065A23D1D4FF3E40064F7B9 /* LocationSearchViewController.swift */; };
		C065A24A1D4FF3E40064F7B9 /* LoginViewController.swift in Sources */ = {isa = PBXBuildFile; fileRef = C065A23F1D4FF3E40064F7B9 /* LoginViewController.swift */; };
		C065A24B1D4FF3E40064F7B9 /* FeedViewController.swift in Sources */ = {isa = PBXBuildFile; fileRef = C065A2401D4FF3E40064F7B9 /* FeedViewController.swift */; };
		C065A24C1D4FF3E40064F7B9 /* OrderViewController.swift in Sources */ = {isa = PBXBuildFile; fileRef = C065A2411D4FF3E40064F7B9 /* OrderViewController.swift */; };
		C065A24D1D4FF3E40064F7B9 /* PendingOrderDetailViewController.swift in Sources */ = {isa = PBXBuildFile; fileRef = C065A2421D4FF3E40064F7B9 /* PendingOrderDetailViewController.swift */; };
		C065A24E1D4FF3E40064F7B9 /* SignUpViewController.swift in Sources */ = {isa = PBXBuildFile; fileRef = C065A2431D4FF3E40064F7B9 /* SignUpViewController.swift */; };
		C065A24F1D4FF3E40064F7B9 /* ProfileViewController.swift in Sources */ = {isa = PBXBuildFile; fileRef = C065A2441D4FF3E40064F7B9 /* ProfileViewController.swift */; };
		C065A2501D4FF3E40064F7B9 /* AddNewDishViewController.swift in Sources */ = {isa = PBXBuildFile; fileRef = C065A2451D4FF3E40064F7B9 /* AddNewDishViewController.swift */; };
		C065A2541D4FF41E0064F7B9 /* KDCircularProgressView.swift in Sources */ = {isa = PBXBuildFile; fileRef = C065A2531D4FF41E0064F7B9 /* KDCircularProgressView.swift */; };
		C065A2561D500AB90064F7B9 /* FilterLayoutViewController.swift in Sources */ = {isa = PBXBuildFile; fileRef = C065A2551D500AB90064F7B9 /* FilterLayoutViewController.swift */; };
		C08B3B5C1D5C7C7100734A64 /* Models.swift in Sources */ = {isa = PBXBuildFile; fileRef = C08B3B5B1D5C7C7100734A64 /* Models.swift */; };
		C0CE28781D71C73B00661A3F /* UIExtensions.swift in Sources */ = {isa = PBXBuildFile; fileRef = C0CE28771D71C73B00661A3F /* UIExtensions.swift */; };
		C0D0F4E01D5B4C3100643B8E /* TextFieldTableViewCell.swift in Sources */ = {isa = PBXBuildFile; fileRef = C0D0F4DF1D5B4C3100643B8E /* TextFieldTableViewCell.swift */; };
		C0D0F4E21D5B5BE000643B8E /* LocationTableViewCell.xib in Resources */ = {isa = PBXBuildFile; fileRef = C0D0F4E11D5B5BE000643B8E /* LocationTableViewCell.xib */; };
		C0D0F5041D5B9DA600643B8E /* EditProfileViewController.swift in Sources */ = {isa = PBXBuildFile; fileRef = C0D0F5031D5B9DA600643B8E /* EditProfileViewController.swift */; };
		C0DC24641D5A98B20034C169 /* UserScreens.storyboard in Resources */ = {isa = PBXBuildFile; fileRef = C0DC24631D5A98B20034C169 /* UserScreens.storyboard */; };
		C0E5988C1D51DF1400504856 /* CurrencyTextField.swift in Sources */ = {isa = PBXBuildFile; fileRef = C0E5988B1D51DF1400504856 /* CurrencyTextField.swift */; };
		C0E5988E1D51F02B00504856 /* IntegerTextField.swift in Sources */ = {isa = PBXBuildFile; fileRef = C0E5988D1D51F02B00504856 /* IntegerTextField.swift */; };
		C0F7849B1D45500700E982E7 /* Info.plist in Resources */ = {isa = PBXBuildFile; fileRef = C0F7849A1D45500700E982E7 /* Info.plist */; };
		C0F784A11D4550B900E982E7 /* Extensions.swift in Sources */ = {isa = PBXBuildFile; fileRef = C0F784A01D4550B900E982E7 /* Extensions.swift */; };
		EA6BCB255132576F4590A20C /* Pods_WhosCookin.framework in Frameworks */ = {isa = PBXBuildFile; fileRef = A0758FA2479BA3420D98E114 /* Pods_WhosCookin.framework */; };
/* End PBXBuildFile section */

/* Begin PBXContainerItemProxy section */
		C032911C1D439D2B00798825 /* PBXContainerItemProxy */ = {
			isa = PBXContainerItemProxy;
			containerPortal = C03290FC1D439D2B00798825 /* Project object */;
			proxyType = 1;
			remoteGlobalIDString = C03291031D439D2B00798825;
			remoteInfo = WhosCookin;
		};
		C03291271D439D2B00798825 /* PBXContainerItemProxy */ = {
			isa = PBXContainerItemProxy;
			containerPortal = C03290FC1D439D2B00798825 /* Project object */;
			proxyType = 1;
			remoteGlobalIDString = C03291031D439D2B00798825;
			remoteInfo = WhosCookin;
		};
/* End PBXContainerItemProxy section */

/* Begin PBXFileReference section */
		A0758FA2479BA3420D98E114 /* Pods_WhosCookin.framework */ = {isa = PBXFileReference; explicitFileType = wrapper.framework; includeInIndex = 0; path = Pods_WhosCookin.framework; sourceTree = BUILT_PRODUCTS_DIR; };
		C03291041D439D2B00798825 /* WhosCookin.app */ = {isa = PBXFileReference; explicitFileType = wrapper.application; includeInIndex = 0; path = WhosCookin.app; sourceTree = BUILT_PRODUCTS_DIR; };
		C03291071D439D2B00798825 /* AppDelegate.swift */ = {isa = PBXFileReference; lastKnownFileType = sourcecode.swift; path = AppDelegate.swift; sourceTree = "<group>"; };
		C032910F1D439D2B00798825 /* WhosCookin.xcdatamodel */ = {isa = PBXFileReference; lastKnownFileType = wrapper.xcdatamodel; path = WhosCookin.xcdatamodel; sourceTree = "<group>"; };
		C03291111D439D2B00798825 /* Assets.xcassets */ = {isa = PBXFileReference; lastKnownFileType = folder.assetcatalog; path = Assets.xcassets; sourceTree = "<group>"; };
		C03291141D439D2B00798825 /* Base */ = {isa = PBXFileReference; lastKnownFileType = file.storyboard; name = Base; path = Base.lproj/LaunchScreen.storyboard; sourceTree = "<group>"; };
		C032911B1D439D2B00798825 /* WhosCookinTests.xctest */ = {isa = PBXFileReference; explicitFileType = wrapper.cfbundle; includeInIndex = 0; path = WhosCookinTests.xctest; sourceTree = BUILT_PRODUCTS_DIR; };
		C032911F1D439D2B00798825 /* WhosCookinTests.swift */ = {isa = PBXFileReference; lastKnownFileType = sourcecode.swift; path = WhosCookinTests.swift; sourceTree = "<group>"; };
		C03291211D439D2B00798825 /* Info.plist */ = {isa = PBXFileReference; lastKnownFileType = text.plist.xml; path = Info.plist; sourceTree = "<group>"; };
		C03291261D439D2B00798825 /* WhosCookinUITests.xctest */ = {isa = PBXFileReference; explicitFileType = wrapper.cfbundle; includeInIndex = 0; path = WhosCookinUITests.xctest; sourceTree = BUILT_PRODUCTS_DIR; };
		C032912A1D439D2B00798825 /* WhosCookinUITests.swift */ = {isa = PBXFileReference; lastKnownFileType = sourcecode.swift; path = WhosCookinUITests.swift; sourceTree = "<group>"; };
		C032912C1D439D2B00798825 /* Info.plist */ = {isa = PBXFileReference; lastKnownFileType = text.plist.xml; path = Info.plist; sourceTree = "<group>"; };
		C065A20B1D4FF2C40064F7B9 /* Main.storyboard */ = {isa = PBXFileReference; fileEncoding = 4; lastKnownFileType = file.storyboard; path = Main.storyboard; sourceTree = "<group>"; };
		C065A20E1D4FF2E40064F7B9 /* CancelledOrderTableViewCell.swift */ = {isa = PBXFileReference; fileEncoding = 4; lastKnownFileType = sourcecode.swift; path = CancelledOrderTableViewCell.swift; sourceTree = "<group>"; };
		C065A20F1D4FF2E40064F7B9 /* FoodCategoryCollectionViewCell.swift */ = {isa = PBXFileReference; fileEncoding = 4; lastKnownFileType = sourcecode.swift; path = FoodCategoryCollectionViewCell.swift; sourceTree = "<group>"; };
		C065A2101D4FF2E40064F7B9 /* FulfilledOrderTableViewCell.swift */ = {isa = PBXFileReference; fileEncoding = 4; lastKnownFileType = sourcecode.swift; path = FulfilledOrderTableViewCell.swift; sourceTree = "<group>"; };
		C065A2111D4FF2E40064F7B9 /* OrderTableViewCell.swift */ = {isa = PBXFileReference; fileEncoding = 4; lastKnownFileType = sourcecode.swift; path = OrderTableViewCell.swift; sourceTree = "<group>"; };
		C065A2121D4FF2E40064F7B9 /* FeedTableViewCell.swift */ = {isa = PBXFileReference; fileEncoding = 4; lastKnownFileType = sourcecode.swift; path = FeedTableViewCell.swift; sourceTree = "<group>"; };
		C065A2131D4FF2E40064F7B9 /* PendingOrderItemCell.swift */ = {isa = PBXFileReference; fileEncoding = 4; lastKnownFileType = sourcecode.swift; path = PendingOrderItemCell.swift; sourceTree = "<group>"; };
		C065A2141D4FF2E40064F7B9 /* PendingOrderTableViewCell.swift */ = {isa = PBXFileReference; fileEncoding = 4; lastKnownFileType = sourcecode.swift; path = PendingOrderTableViewCell.swift; sourceTree = "<group>"; };
		C065A2151D4FF2E40064F7B9 /* MealInventoryTableViewCell.swift */ = {isa = PBXFileReference; fileEncoding = 4; lastKnownFileType = sourcecode.swift; path = MealInventoryTableViewCell.swift; sourceTree = "<group>"; };
		C065A2161D4FF2E40064F7B9 /* FilterLayoutTableViewCell.swift */ = {isa = PBXFileReference; fileEncoding = 4; lastKnownFileType = sourcecode.swift; path = FilterLayoutTableViewCell.swift; sourceTree = "<group>"; };
		C065A2211D4FF2F80064F7B9 /* TextFieldTableViewCell.xib */ = {isa = PBXFileReference; fileEncoding = 4; lastKnownFileType = file.xib; path = TextFieldTableViewCell.xib; sourceTree = "<group>"; };
		C065A2221D4FF2F80064F7B9 /* FilterLayoutTableViewCell.xib */ = {isa = PBXFileReference; fileEncoding = 4; lastKnownFileType = file.xib; path = FilterLayoutTableViewCell.xib; sourceTree = "<group>"; };
		C065A2231D4FF2F80064F7B9 /* MultiInputTableViewCell.xib */ = {isa = PBXFileReference; fileEncoding = 4; lastKnownFileType = file.xib; path = MultiInputTableViewCell.xib; sourceTree = "<group>"; };
		C065A2241D4FF2F80064F7B9 /* CancelledOrderTableViewCell.xib */ = {isa = PBXFileReference; fileEncoding = 4; lastKnownFileType = file.xib; path = CancelledOrderTableViewCell.xib; sourceTree = "<group>"; };
		C065A2251D4FF2F80064F7B9 /* FulfilledOrderTableViewCell.xib */ = {isa = PBXFileReference; fileEncoding = 4; lastKnownFileType = file.xib; path = FulfilledOrderTableViewCell.xib; sourceTree = "<group>"; };
		C065A2261D4FF2F80064F7B9 /* FeedTableViewCell.xib */ = {isa = PBXFileReference; fileEncoding = 4; lastKnownFileType = file.xib; path = FeedTableViewCell.xib; sourceTree = "<group>"; };
		C065A2271D4FF2F80064F7B9 /* OrderTableViewCell.xib */ = {isa = PBXFileReference; fileEncoding = 4; lastKnownFileType = file.xib; path = OrderTableViewCell.xib; sourceTree = "<group>"; };
		C065A2281D4FF2F80064F7B9 /* PendingOrderTableViewCell.xib */ = {isa = PBXFileReference; fileEncoding = 4; lastKnownFileType = file.xib; path = PendingOrderTableViewCell.xib; sourceTree = "<group>"; };
		C065A2291D4FF2F80064F7B9 /* PendingOrderItemCell.xib */ = {isa = PBXFileReference; fileEncoding = 4; lastKnownFileType = file.xib; path = PendingOrderItemCell.xib; sourceTree = "<group>"; };
		C065A22A1D4FF2F80064F7B9 /* MealInventoryTableViewCell.xib */ = {isa = PBXFileReference; fileEncoding = 4; lastKnownFileType = file.xib; path = MealInventoryTableViewCell.xib; sourceTree = "<group>"; };
		C065A2391D4FF3D60064F7B9 /* HomeTableViewController.swift */ = {isa = PBXFileReference; fileEncoding = 4; lastKnownFileType = sourcecode.swift; path = HomeTableViewController.swift; sourceTree = "<group>"; };
		C065A23C1D4FF3E40064F7B9 /* FoodCategoryViewController.swift */ = {isa = PBXFileReference; fileEncoding = 4; lastKnownFileType = sourcecode.swift; path = FoodCategoryViewController.swift; sourceTree = "<group>"; };
		C065A23D1D4FF3E40064F7B9 /* LocationSearchViewController.swift */ = {isa = PBXFileReference; fileEncoding = 4; lastKnownFileType = sourcecode.swift; path = LocationSearchViewController.swift; sourceTree = "<group>"; };
		C065A23F1D4FF3E40064F7B9 /* LoginViewController.swift */ = {isa = PBXFileReference; fileEncoding = 4; lastKnownFileType = sourcecode.swift; path = LoginViewController.swift; sourceTree = "<group>"; };
		C065A2401D4FF3E40064F7B9 /* FeedViewController.swift */ = {isa = PBXFileReference; fileEncoding = 4; lastKnownFileType = sourcecode.swift; path = FeedViewController.swift; sourceTree = "<group>"; };
		C065A2411D4FF3E40064F7B9 /* OrderViewController.swift */ = {isa = PBXFileReference; fileEncoding = 4; lastKnownFileType = sourcecode.swift; path = OrderViewController.swift; sourceTree = "<group>"; };
		C065A2421D4FF3E40064F7B9 /* PendingOrderDetailViewController.swift */ = {isa = PBXFileReference; fileEncoding = 4; lastKnownFileType = sourcecode.swift; path = PendingOrderDetailViewController.swift; sourceTree = "<group>"; };
		C065A2431D4FF3E40064F7B9 /* SignUpViewController.swift */ = {isa = PBXFileReference; fileEncoding = 4; lastKnownFileType = sourcecode.swift; path = SignUpViewController.swift; sourceTree = "<group>"; };
		C065A2441D4FF3E40064F7B9 /* ProfileViewController.swift */ = {isa = PBXFileReference; fileEncoding = 4; lastKnownFileType = sourcecode.swift; path = ProfileViewController.swift; sourceTree = "<group>"; };
		C065A2451D4FF3E40064F7B9 /* AddNewDishViewController.swift */ = {isa = PBXFileReference; fileEncoding = 4; lastKnownFileType = sourcecode.swift; path = AddNewDishViewController.swift; sourceTree = "<group>"; };
		C065A2531D4FF41E0064F7B9 /* KDCircularProgressView.swift */ = {isa = PBXFileReference; fileEncoding = 4; lastKnownFileType = sourcecode.swift; path = KDCircularProgressView.swift; sourceTree = "<group>"; };
		C065A2551D500AB90064F7B9 /* FilterLayoutViewController.swift */ = {isa = PBXFileReference; fileEncoding = 4; lastKnownFileType = sourcecode.swift; path = FilterLayoutViewController.swift; sourceTree = "<group>"; };
		C08B3B5B1D5C7C7100734A64 /* Models.swift */ = {isa = PBXFileReference; fileEncoding = 4; lastKnownFileType = sourcecode.swift; path = Models.swift; sourceTree = "<group>"; };
		C0CE28771D71C73B00661A3F /* UIExtensions.swift */ = {isa = PBXFileReference; fileEncoding = 4; lastKnownFileType = sourcecode.swift; path = UIExtensions.swift; sourceTree = "<group>"; };
		C0D0F4DF1D5B4C3100643B8E /* TextFieldTableViewCell.swift */ = {isa = PBXFileReference; fileEncoding = 4; lastKnownFileType = sourcecode.swift; path = TextFieldTableViewCell.swift; sourceTree = "<group>"; };
		C0D0F4E11D5B5BE000643B8E /* LocationTableViewCell.xib */ = {isa = PBXFileReference; fileEncoding = 4; lastKnownFileType = file.xib; path = LocationTableViewCell.xib; sourceTree = "<group>"; };
		C0D0F5031D5B9DA600643B8E /* EditProfileViewController.swift */ = {isa = PBXFileReference; fileEncoding = 4; lastKnownFileType = sourcecode.swift; path = EditProfileViewController.swift; sourceTree = "<group>"; };
		C0DC24631D5A98B20034C169 /* UserScreens.storyboard */ = {isa = PBXFileReference; fileEncoding = 4; lastKnownFileType = file.storyboard; path = UserScreens.storyboard; sourceTree = "<group>"; };
		C0E5988B1D51DF1400504856 /* CurrencyTextField.swift */ = {isa = PBXFileReference; fileEncoding = 4; lastKnownFileType = sourcecode.swift; path = CurrencyTextField.swift; sourceTree = "<group>"; };
		C0E5988D1D51F02B00504856 /* IntegerTextField.swift */ = {isa = PBXFileReference; fileEncoding = 4; lastKnownFileType = sourcecode.swift; path = IntegerTextField.swift; sourceTree = "<group>"; };
		C0F7849A1D45500700E982E7 /* Info.plist */ = {isa = PBXFileReference; fileEncoding = 4; lastKnownFileType = text.plist.xml; name = Info.plist; path = Resources/plists/Info.plist; sourceTree = "<group>"; };
		C0F784A01D4550B900E982E7 /* Extensions.swift */ = {isa = PBXFileReference; fileEncoding = 4; lastKnownFileType = sourcecode.swift; name = Extensions.swift; path = Utility/Extensions/Extensions.swift; sourceTree = "<group>"; };
		E9452C253AFC91652F9BB101 /* Pods-WhosCookin.debug.xcconfig */ = {isa = PBXFileReference; includeInIndex = 1; lastKnownFileType = text.xcconfig; name = "Pods-WhosCookin.debug.xcconfig"; path = "Pods/Target Support Files/Pods-WhosCookin/Pods-WhosCookin.debug.xcconfig"; sourceTree = "<group>"; };
		EE3489D845F401BB66EA9BEE /* Pods-WhosCookin.release.xcconfig */ = {isa = PBXFileReference; includeInIndex = 1; lastKnownFileType = text.xcconfig; name = "Pods-WhosCookin.release.xcconfig"; path = "Pods/Target Support Files/Pods-WhosCookin/Pods-WhosCookin.release.xcconfig"; sourceTree = "<group>"; };
/* End PBXFileReference section */

/* Begin PBXFrameworksBuildPhase section */
		C03291011D439D2B00798825 /* Frameworks */ = {
			isa = PBXFrameworksBuildPhase;
			buildActionMask = 2147483647;
			files = (
				EA6BCB255132576F4590A20C /* Pods_WhosCookin.framework in Frameworks */,
			);
			runOnlyForDeploymentPostprocessing = 0;
		};
		C03291181D439D2B00798825 /* Frameworks */ = {
			isa = PBXFrameworksBuildPhase;
			buildActionMask = 2147483647;
			files = (
			);
			runOnlyForDeploymentPostprocessing = 0;
		};
		C03291231D439D2B00798825 /* Frameworks */ = {
			isa = PBXFrameworksBuildPhase;
			buildActionMask = 2147483647;
			files = (
			);
			runOnlyForDeploymentPostprocessing = 0;
		};
/* End PBXFrameworksBuildPhase section */

/* Begin PBXGroup section */
		C007F4591D551E7100541349 /* Cell Xibs */ = {
			isa = PBXGroup;
			children = (
				C065A2211D4FF2F80064F7B9 /* TextFieldTableViewCell.xib */,
				C065A2221D4FF2F80064F7B9 /* FilterLayoutTableViewCell.xib */,
				C065A2231D4FF2F80064F7B9 /* MultiInputTableViewCell.xib */,
				C065A2241D4FF2F80064F7B9 /* CancelledOrderTableViewCell.xib */,
				C065A2251D4FF2F80064F7B9 /* FulfilledOrderTableViewCell.xib */,
				C065A2261D4FF2F80064F7B9 /* FeedTableViewCell.xib */,
				C065A2271D4FF2F80064F7B9 /* OrderTableViewCell.xib */,
				C065A2281D4FF2F80064F7B9 /* PendingOrderTableViewCell.xib */,
				C065A2291D4FF2F80064F7B9 /* PendingOrderItemCell.xib */,
				C065A22A1D4FF2F80064F7B9 /* MealInventoryTableViewCell.xib */,
				C0D0F4E11D5B5BE000643B8E /* LocationTableViewCell.xib */,
			);
			name = "Cell Xibs";
			sourceTree = "<group>";
		};
		C03290FB1D439D2B00798825 = {
			isa = PBXGroup;
			children = (
				C03291061D439D2B00798825 /* WhosCookin */,
				C032911E1D439D2B00798825 /* WhosCookinTests */,
				C03291291D439D2B00798825 /* WhosCookinUITests */,
				C03291051D439D2B00798825 /* Products */,
				E70BB8F8728951AEB812EEA9 /* Pods */,
				E2011178AE1613F738A110A8 /* Frameworks */,
			);
			sourceTree = "<group>";
		};
		C03291051D439D2B00798825 /* Products */ = {
			isa = PBXGroup;
			children = (
				C03291041D439D2B00798825 /* WhosCookin.app */,
				C032911B1D439D2B00798825 /* WhosCookinTests.xctest */,
				C03291261D439D2B00798825 /* WhosCookinUITests.xctest */,
			);
			name = Products;
			sourceTree = "<group>";
		};
		C03291061D439D2B00798825 /* WhosCookin */ = {
			isa = PBXGroup;
			children = (
				C08B3B5A1D5C7C4600734A64 /* Models */,
				C0F784811D454B3000E982E7 /* Views */,
				C065A2351D4FF37B0064F7B9 /* Controllers */,
				C0F7849C1D45503F00E982E7 /* Utility */,
				C0F784981D454FD500E982E7 /* Resources */,
				C03291071D439D2B00798825 /* AppDelegate.swift */,
				C03291111D439D2B00798825 /* Assets.xcassets */,
				C032910E1D439D2B00798825 /* WhosCookin.xcdatamodeld */,
				C0F7849A1D45500700E982E7 /* Info.plist */,
			);
			path = WhosCookin;
			sourceTree = "<group>";
		};
		C032911E1D439D2B00798825 /* WhosCookinTests */ = {
			isa = PBXGroup;
			children = (
				C032911F1D439D2B00798825 /* WhosCookinTests.swift */,
				C03291211D439D2B00798825 /* Info.plist */,
			);
			path = WhosCookinTests;
			sourceTree = "<group>";
		};
		C03291291D439D2B00798825 /* WhosCookinUITests */ = {
			isa = PBXGroup;
			children = (
				C032912A1D439D2B00798825 /* WhosCookinUITests.swift */,
				C032912C1D439D2B00798825 /* Info.plist */,
			);
			path = WhosCookinUITests;
			sourceTree = "<group>";
		};
		C065A2351D4FF37B0064F7B9 /* Controllers */ = {
			isa = PBXGroup;
			children = (
				C065A2371D4FF3B80064F7B9 /* View Controllers */,
				C065A2361D4FF3920064F7B9 /* Table View Controllers */,
			);
			name = Controllers;
			sourceTree = "<group>";
		};
		C065A2361D4FF3920064F7B9 /* Table View Controllers */ = {
			isa = PBXGroup;
			children = (
				C065A2391D4FF3D60064F7B9 /* HomeTableViewController.swift */,
			);
			name = "Table View Controllers";
			sourceTree = "<group>";
		};
		C065A2371D4FF3B80064F7B9 /* View Controllers */ = {
			isa = PBXGroup;
			children = (
				C0D0F5031D5B9DA600643B8E /* EditProfileViewController.swift */,
				C065A23C1D4FF3E40064F7B9 /* FoodCategoryViewController.swift */,
				C065A23D1D4FF3E40064F7B9 /* LocationSearchViewController.swift */,
				C065A23F1D4FF3E40064F7B9 /* LoginViewController.swift */,
				C065A2401D4FF3E40064F7B9 /* FeedViewController.swift */,
				C065A2411D4FF3E40064F7B9 /* OrderViewController.swift */,
				C065A2421D4FF3E40064F7B9 /* PendingOrderDetailViewController.swift */,
				C065A2431D4FF3E40064F7B9 /* SignUpViewController.swift */,
				C065A2441D4FF3E40064F7B9 /* ProfileViewController.swift */,
				C065A2451D4FF3E40064F7B9 /* AddNewDishViewController.swift */,
				C065A2551D500AB90064F7B9 /* FilterLayoutViewController.swift */,
			);
			name = "View Controllers";
			sourceTree = "<group>";
		};
		C065A2521D4FF40D0064F7B9 /* Frameworks */ = {
			isa = PBXGroup;
			children = (
				C065A2531D4FF41E0064F7B9 /* KDCircularProgressView.swift */,
			);
			name = Frameworks;
			sourceTree = "<group>";
		};
		C08B3B5A1D5C7C4600734A64 /* Models */ = {
			isa = PBXGroup;
			children = (
				C08B3B5B1D5C7C7100734A64 /* Models.swift */,
			);
			name = Models;
			sourceTree = "<group>";
		};
		C0E5988A1D51DE9700504856 /* Custom Classes */ = {
			isa = PBXGroup;
			children = (
				C0E5988B1D51DF1400504856 /* CurrencyTextField.swift */,
				C0E5988D1D51F02B00504856 /* IntegerTextField.swift */,
			);
			name = "Custom Classes";
			sourceTree = "<group>";
		};
		C0F784811D454B3000E982E7 /* Views */ = {
			isa = PBXGroup;
			children = (
				C0F784A21D45517A00E982E7 /* Storyboards */,
				C0F784851D454BF100E982E7 /* Swift Files */,
				C0F784821D454B4800E982E7 /* Xibs */,
			);
			name = Views;
			sourceTree = "<group>";
		};
		C0F784821D454B4800E982E7 /* Xibs */ = {
			isa = PBXGroup;
			children = (
				C007F4591D551E7100541349 /* Cell Xibs */,
			);
			name = Xibs;
			sourceTree = "<group>";
		};
		C0F784851D454BF100E982E7 /* Swift Files */ = {
			isa = PBXGroup;
			children = (
				C0F7F2511D566D96007BB36E /* Cells */,
			);
			name = "Swift Files";
			sourceTree = "<group>";
		};
		C0F784981D454FD500E982E7 /* Resources */ = {
			isa = PBXGroup;
			children = (
				C0F784991D454FF300E982E7 /* plists */,
			);
			name = Resources;
			sourceTree = "<group>";
		};
		C0F784991D454FF300E982E7 /* plists */ = {
			isa = PBXGroup;
			children = (
			);
			name = plists;
			sourceTree = "<group>";
		};
		C0F7849C1D45503F00E982E7 /* Utility */ = {
			isa = PBXGroup;
			children = (
				C0E5988A1D51DE9700504856 /* Custom Classes */,
				C065A2521D4FF40D0064F7B9 /* Frameworks */,
				C0F7849D1D45504B00E982E7 /* Extensions */,
			);
			name = Utility;
			sourceTree = "<group>";
		};
		C0F7849D1D45504B00E982E7 /* Extensions */ = {
			isa = PBXGroup;
			children = (
				C0F784A01D4550B900E982E7 /* Extensions.swift */,
				C0CE28771D71C73B00661A3F /* UIExtensions.swift */,
			);
			name = Extensions;
			sourceTree = "<group>";
		};
		C0F784A21D45517A00E982E7 /* Storyboards */ = {
			isa = PBXGroup;
			children = (
				C065A20B1D4FF2C40064F7B9 /* Main.storyboard */,
				C0DC24631D5A98B20034C169 /* UserScreens.storyboard */,
				C03291131D439D2B00798825 /* LaunchScreen.storyboard */,
			);
			name = Storyboards;
			sourceTree = "<group>";
		};
		C0F7F2511D566D96007BB36E /* Cells */ = {
			isa = PBXGroup;
			children = (
				C065A20E1D4FF2E40064F7B9 /* CancelledOrderTableViewCell.swift */,
				C065A20F1D4FF2E40064F7B9 /* FoodCategoryCollectionViewCell.swift */,
				C065A2101D4FF2E40064F7B9 /* FulfilledOrderTableViewCell.swift */,
				C065A2111D4FF2E40064F7B9 /* OrderTableViewCell.swift */,
				C065A2121D4FF2E40064F7B9 /* FeedTableViewCell.swift */,
				C065A2131D4FF2E40064F7B9 /* PendingOrderItemCell.swift */,
				C065A2141D4FF2E40064F7B9 /* PendingOrderTableViewCell.swift */,
				C065A2151D4FF2E40064F7B9 /* MealInventoryTableViewCell.swift */,
				C065A2161D4FF2E40064F7B9 /* FilterLayoutTableViewCell.swift */,
				C0D0F4DF1D5B4C3100643B8E /* TextFieldTableViewCell.swift */,
			);
			name = Cells;
			sourceTree = "<group>";
		};
		E2011178AE1613F738A110A8 /* Frameworks */ = {
			isa = PBXGroup;
			children = (
				A0758FA2479BA3420D98E114 /* Pods_WhosCookin.framework */,
			);
			name = Frameworks;
			sourceTree = "<group>";
		};
		E70BB8F8728951AEB812EEA9 /* Pods */ = {
			isa = PBXGroup;
			children = (
				E9452C253AFC91652F9BB101 /* Pods-WhosCookin.debug.xcconfig */,
				EE3489D845F401BB66EA9BEE /* Pods-WhosCookin.release.xcconfig */,
			);
			name = Pods;
			sourceTree = "<group>";
		};
/* End PBXGroup section */

/* Begin PBXNativeTarget section */
		C03291031D439D2B00798825 /* WhosCookin */ = {
			isa = PBXNativeTarget;
			buildConfigurationList = C032912F1D439D2B00798825 /* Build configuration list for PBXNativeTarget "WhosCookin" */;
			buildPhases = (
				89A79DEE50EA0315B2640064 /* [CP] Check Pods Manifest.lock */,
				C03291001D439D2B00798825 /* Sources */,
				C03291011D439D2B00798825 /* Frameworks */,
				C03291021D439D2B00798825 /* Resources */,
				7A248F7FD0F3A37645DD8120 /* [CP] Embed Pods Frameworks */,
				F12EE2F885191BE446A66440 /* [CP] Copy Pods Resources */,
			);
			buildRules = (
			);
			dependencies = (
			);
			name = WhosCookin;
			productName = WhosCookin;
			productReference = C03291041D439D2B00798825 /* WhosCookin.app */;
			productType = "com.apple.product-type.application";
		};
		C032911A1D439D2B00798825 /* WhosCookinTests */ = {
			isa = PBXNativeTarget;
			buildConfigurationList = C03291321D439D2B00798825 /* Build configuration list for PBXNativeTarget "WhosCookinTests" */;
			buildPhases = (
				C03291171D439D2B00798825 /* Sources */,
				C03291181D439D2B00798825 /* Frameworks */,
				C03291191D439D2B00798825 /* Resources */,
			);
			buildRules = (
			);
			dependencies = (
				C032911D1D439D2B00798825 /* PBXTargetDependency */,
			);
			name = WhosCookinTests;
			productName = WhosCookinTests;
			productReference = C032911B1D439D2B00798825 /* WhosCookinTests.xctest */;
			productType = "com.apple.product-type.bundle.unit-test";
		};
		C03291251D439D2B00798825 /* WhosCookinUITests */ = {
			isa = PBXNativeTarget;
			buildConfigurationList = C03291351D439D2B00798825 /* Build configuration list for PBXNativeTarget "WhosCookinUITests" */;
			buildPhases = (
				C03291221D439D2B00798825 /* Sources */,
				C03291231D439D2B00798825 /* Frameworks */,
				C03291241D439D2B00798825 /* Resources */,
			);
			buildRules = (
			);
			dependencies = (
				C03291281D439D2B00798825 /* PBXTargetDependency */,
			);
			name = WhosCookinUITests;
			productName = WhosCookinUITests;
			productReference = C03291261D439D2B00798825 /* WhosCookinUITests.xctest */;
			productType = "com.apple.product-type.bundle.ui-testing";
		};
/* End PBXNativeTarget section */

/* Begin PBXProject section */
		C03290FC1D439D2B00798825 /* Project object */ = {
			isa = PBXProject;
			attributes = {
				LastSwiftUpdateCheck = 0730;
				LastUpgradeCheck = 0730;
				ORGANIZATIONNAME = ImagineME;
				TargetAttributes = {
					C03291031D439D2B00798825 = {
						CreatedOnToolsVersion = 7.3.1;
					};
					C032911A1D439D2B00798825 = {
						CreatedOnToolsVersion = 7.3.1;
						TestTargetID = C03291031D439D2B00798825;
					};
					C03291251D439D2B00798825 = {
						CreatedOnToolsVersion = 7.3.1;
						TestTargetID = C03291031D439D2B00798825;
					};
				};
			};
			buildConfigurationList = C03290FF1D439D2B00798825 /* Build configuration list for PBXProject "WhosCookin" */;
			compatibilityVersion = "Xcode 3.2";
			developmentRegion = English;
			hasScannedForEncodings = 0;
			knownRegions = (
				en,
				Base,
			);
			mainGroup = C03290FB1D439D2B00798825;
			productRefGroup = C03291051D439D2B00798825 /* Products */;
			projectDirPath = "";
			projectRoot = "";
			targets = (
				C03291031D439D2B00798825 /* WhosCookin */,
				C032911A1D439D2B00798825 /* WhosCookinTests */,
				C03291251D439D2B00798825 /* WhosCookinUITests */,
			);
		};
/* End PBXProject section */

/* Begin PBXResourcesBuildPhase section */
		C03291021D439D2B00798825 /* Resources */ = {
			isa = PBXResourcesBuildPhase;
			buildActionMask = 2147483647;
			files = (
				C0F7849B1D45500700E982E7 /* Info.plist in Resources */,
				C0D0F4E21D5B5BE000643B8E /* LocationTableViewCell.xib in Resources */,
				C065A2341D4FF2F80064F7B9 /* MealInventoryTableViewCell.xib in Resources */,
				C065A2301D4FF2F80064F7B9 /* FeedTableViewCell.xib in Resources */,
				C03291151D439D2B00798825 /* LaunchScreen.storyboard in Resources */,
				C065A22F1D4FF2F80064F7B9 /* FulfilledOrderTableViewCell.xib in Resources */,
				C065A2311D4FF2F80064F7B9 /* OrderTableViewCell.xib in Resources */,
				C065A22E1D4FF2F80064F7B9 /* CancelledOrderTableViewCell.xib in Resources */,
				C065A2321D4FF2F80064F7B9 /* PendingOrderTableViewCell.xib in Resources */,
				C065A22B1D4FF2F80064F7B9 /* TextFieldTableViewCell.xib in Resources */,
				C065A22C1D4FF2F80064F7B9 /* FilterLayoutTableViewCell.xib in Resources */,
				C065A20C1D4FF2C40064F7B9 /* Main.storyboard in Resources */,
				C03291121D439D2B00798825 /* Assets.xcassets in Resources */,
				C065A2331D4FF2F80064F7B9 /* PendingOrderItemCell.xib in Resources */,
				C065A22D1D4FF2F80064F7B9 /* MultiInputTableViewCell.xib in Resources */,
				C0DC24641D5A98B20034C169 /* UserScreens.storyboard in Resources */,
			);
			runOnlyForDeploymentPostprocessing = 0;
		};
		C03291191D439D2B00798825 /* Resources */ = {
			isa = PBXResourcesBuildPhase;
			buildActionMask = 2147483647;
			files = (
			);
			runOnlyForDeploymentPostprocessing = 0;
		};
		C03291241D439D2B00798825 /* Resources */ = {
			isa = PBXResourcesBuildPhase;
			buildActionMask = 2147483647;
			files = (
			);
			runOnlyForDeploymentPostprocessing = 0;
		};
/* End PBXResourcesBuildPhase section */

/* Begin PBXShellScriptBuildPhase section */
		7A248F7FD0F3A37645DD8120 /* [CP] Embed Pods Frameworks */ = {
			isa = PBXShellScriptBuildPhase;
			buildActionMask = 2147483647;
			files = (
			);
			inputPaths = (
			);
			name = "[CP] Embed Pods Frameworks";
			outputPaths = (
			);
			runOnlyForDeploymentPostprocessing = 0;
			shellPath = /bin/sh;
			shellScript = "\"${SRCROOT}/Pods/Target Support Files/Pods-WhosCookin/Pods-WhosCookin-frameworks.sh\"\n";
			showEnvVarsInLog = 0;
		};
		89A79DEE50EA0315B2640064 /* [CP] Check Pods Manifest.lock */ = {
			isa = PBXShellScriptBuildPhase;
			buildActionMask = 2147483647;
			files = (
			);
			inputPaths = (
			);
			name = "[CP] Check Pods Manifest.lock";
			outputPaths = (
			);
			runOnlyForDeploymentPostprocessing = 0;
			shellPath = /bin/sh;
			shellScript = "diff \"${PODS_ROOT}/../Podfile.lock\" \"${PODS_ROOT}/Manifest.lock\" > /dev/null\nif [[ $? != 0 ]] ; then\n    cat << EOM\nerror: The sandbox is not in sync with the Podfile.lock. Run 'pod install' or update your CocoaPods installation.\nEOM\n    exit 1\nfi\n";
			showEnvVarsInLog = 0;
		};
		F12EE2F885191BE446A66440 /* [CP] Copy Pods Resources */ = {
			isa = PBXShellScriptBuildPhase;
			buildActionMask = 2147483647;
			files = (
			);
			inputPaths = (
			);
			name = "[CP] Copy Pods Resources";
			outputPaths = (
			);
			runOnlyForDeploymentPostprocessing = 0;
			shellPath = /bin/sh;
			shellScript = "\"${SRCROOT}/Pods/Target Support Files/Pods-WhosCookin/Pods-WhosCookin-resources.sh\"\n";
			showEnvVarsInLog = 0;
		};
/* End PBXShellScriptBuildPhase section */

/* Begin PBXSourcesBuildPhase section */
		C03291001D439D2B00798825 /* Sources */ = {
			isa = PBXSourcesBuildPhase;
			buildActionMask = 2147483647;
			files = (
				C0E5988E1D51F02B00504856 /* IntegerTextField.swift in Sources */,
				C065A2471D4FF3E40064F7B9 /* FoodCategoryViewController.swift in Sources */,
				C065A2561D500AB90064F7B9 /* FilterLayoutViewController.swift in Sources */,
				C0CE28781D71C73B00661A3F /* UIExtensions.swift in Sources */,
				C065A24B1D4FF3E40064F7B9 /* FeedViewController.swift in Sources */,
				C065A2181D4FF2E40064F7B9 /* CancelledOrderTableViewCell.swift in Sources */,
				C03291081D439D2B00798825 /* AppDelegate.swift in Sources */,
				C065A24A1D4FF3E40064F7B9 /* LoginViewController.swift in Sources */,
				C065A24F1D4FF3E40064F7B9 /* ProfileViewController.swift in Sources */,
				C0D0F4E01D5B4C3100643B8E /* TextFieldTableViewCell.swift in Sources */,
				C065A24E1D4FF3E40064F7B9 /* SignUpViewController.swift in Sources */,
				C065A2541D4FF41E0064F7B9 /* KDCircularProgressView.swift in Sources */,
				C065A21A1D4FF2E40064F7B9 /* FulfilledOrderTableViewCell.swift in Sources */,
				C065A21D1D4FF2E40064F7B9 /* PendingOrderItemCell.swift in Sources */,
				C065A21E1D4FF2E40064F7B9 /* PendingOrderTableViewCell.swift in Sources */,
				C065A21B1D4FF2E40064F7B9 /* OrderTableViewCell.swift in Sources */,
				C0E5988C1D51DF1400504856 /* CurrencyTextField.swift in Sources */,
				C03291101D439D2B00798825 /* WhosCookin.xcdatamodeld in Sources */,
				C065A2501D4FF3E40064F7B9 /* AddNewDishViewController.swift in Sources */,
				C065A23B1D4FF3D60064F7B9 /* HomeTableViewController.swift in Sources */,
				C065A21C1D4FF2E40064F7B9 /* FeedTableViewCell.swift in Sources */,
				C0D0F5041D5B9DA600643B8E /* EditProfileViewController.swift in Sources */,
				C065A21F1D4FF2E40064F7B9 /* MealInventoryTableViewCell.swift in Sources */,
				C065A24D1D4FF3E40064F7B9 /* PendingOrderDetailViewController.swift in Sources */,
				C065A2201D4FF2E40064F7B9 /* FilterLayoutTableViewCell.swift in Sources */,
				C065A24C1D4FF3E40064F7B9 /* OrderViewController.swift in Sources */,
				C065A2481D4FF3E40064F7B9 /* LocationSearchViewController.swift in Sources */,
				C08B3B5C1D5C7C7100734A64 /* Models.swift in Sources */,
				C0F784A11D4550B900E982E7 /* Extensions.swift in Sources */,
				C065A2191D4FF2E40064F7B9 /* FoodCategoryCollectionViewCell.swift in Sources */,
			);
			runOnlyForDeploymentPostprocessing = 0;
		};
		C03291171D439D2B00798825 /* Sources */ = {
			isa = PBXSourcesBuildPhase;
			buildActionMask = 2147483647;
			files = (
				C03291201D439D2B00798825 /* WhosCookinTests.swift in Sources */,
			);
			runOnlyForDeploymentPostprocessing = 0;
		};
		C03291221D439D2B00798825 /* Sources */ = {
			isa = PBXSourcesBuildPhase;
			buildActionMask = 2147483647;
			files = (
				C032912B1D439D2B00798825 /* WhosCookinUITests.swift in Sources */,
			);
			runOnlyForDeploymentPostprocessing = 0;
		};
/* End PBXSourcesBuildPhase section */

/* Begin PBXTargetDependency section */
		C032911D1D439D2B00798825 /* PBXTargetDependency */ = {
			isa = PBXTargetDependency;
			target = C03291031D439D2B00798825 /* WhosCookin */;
			targetProxy = C032911C1D439D2B00798825 /* PBXContainerItemProxy */;
		};
		C03291281D439D2B00798825 /* PBXTargetDependency */ = {
			isa = PBXTargetDependency;
			target = C03291031D439D2B00798825 /* WhosCookin */;
			targetProxy = C03291271D439D2B00798825 /* PBXContainerItemProxy */;
		};
/* End PBXTargetDependency section */

/* Begin PBXVariantGroup section */
		C03291131D439D2B00798825 /* LaunchScreen.storyboard */ = {
			isa = PBXVariantGroup;
			children = (
				C03291141D439D2B00798825 /* Base */,
			);
			name = LaunchScreen.storyboard;
			sourceTree = "<group>";
		};
/* End PBXVariantGroup section */

/* Begin XCBuildConfiguration section */
		C032912D1D439D2B00798825 /* Debug */ = {
			isa = XCBuildConfiguration;
			buildSettings = {
				ALWAYS_SEARCH_USER_PATHS = NO;
				CLANG_ANALYZER_NONNULL = YES;
				CLANG_CXX_LANGUAGE_STANDARD = "gnu++0x";
				CLANG_CXX_LIBRARY = "libc++";
				CLANG_ENABLE_MODULES = YES;
				CLANG_ENABLE_OBJC_ARC = YES;
				CLANG_WARN_BOOL_CONVERSION = YES;
				CLANG_WARN_CONSTANT_CONVERSION = YES;
				CLANG_WARN_DIRECT_OBJC_ISA_USAGE = YES_ERROR;
				CLANG_WARN_EMPTY_BODY = YES;
				CLANG_WARN_ENUM_CONVERSION = YES;
				CLANG_WARN_INT_CONVERSION = YES;
				CLANG_WARN_OBJC_ROOT_CLASS = YES_ERROR;
				CLANG_WARN_UNREACHABLE_CODE = YES;
				CLANG_WARN__DUPLICATE_METHOD_MATCH = YES;
				"CODE_SIGN_IDENTITY[sdk=iphoneos*]" = "iPhone Developer";
				COPY_PHASE_STRIP = NO;
				DEBUG_INFORMATION_FORMAT = dwarf;
				ENABLE_STRICT_OBJC_MSGSEND = YES;
				ENABLE_TESTABILITY = YES;
				GCC_C_LANGUAGE_STANDARD = gnu99;
				GCC_DYNAMIC_NO_PIC = NO;
				GCC_NO_COMMON_BLOCKS = YES;
				GCC_OPTIMIZATION_LEVEL = 0;
				GCC_PREPROCESSOR_DEFINITIONS = (
					"DEBUG=1",
					"$(inherited)",
				);
				GCC_WARN_64_TO_32_BIT_CONVERSION = YES;
				GCC_WARN_ABOUT_RETURN_TYPE = YES_ERROR;
				GCC_WARN_UNDECLARED_SELECTOR = YES;
				GCC_WARN_UNINITIALIZED_AUTOS = YES_AGGRESSIVE;
				GCC_WARN_UNUSED_FUNCTION = YES;
				GCC_WARN_UNUSED_VARIABLE = YES;
				IPHONEOS_DEPLOYMENT_TARGET = 9.3;
				MTL_ENABLE_DEBUG_INFO = YES;
				ONLY_ACTIVE_ARCH = YES;
				SDKROOT = iphoneos;
				SWIFT_OPTIMIZATION_LEVEL = "-Onone";
			};
			name = Debug;
		};
		C032912E1D439D2B00798825 /* Release */ = {
			isa = XCBuildConfiguration;
			buildSettings = {
				ALWAYS_SEARCH_USER_PATHS = NO;
				CLANG_ANALYZER_NONNULL = YES;
				CLANG_CXX_LANGUAGE_STANDARD = "gnu++0x";
				CLANG_CXX_LIBRARY = "libc++";
				CLANG_ENABLE_MODULES = YES;
				CLANG_ENABLE_OBJC_ARC = YES;
				CLANG_WARN_BOOL_CONVERSION = YES;
				CLANG_WARN_CONSTANT_CONVERSION = YES;
				CLANG_WARN_DIRECT_OBJC_ISA_USAGE = YES_ERROR;
				CLANG_WARN_EMPTY_BODY = YES;
				CLANG_WARN_ENUM_CONVERSION = YES;
				CLANG_WARN_INT_CONVERSION = YES;
				CLANG_WARN_OBJC_ROOT_CLASS = YES_ERROR;
				CLANG_WARN_UNREACHABLE_CODE = YES;
				CLANG_WARN__DUPLICATE_METHOD_MATCH = YES;
				"CODE_SIGN_IDENTITY[sdk=iphoneos*]" = "iPhone Developer";
				COPY_PHASE_STRIP = NO;
				DEBUG_INFORMATION_FORMAT = "dwarf-with-dsym";
				ENABLE_NS_ASSERTIONS = NO;
				ENABLE_STRICT_OBJC_MSGSEND = YES;
				GCC_C_LANGUAGE_STANDARD = gnu99;
				GCC_NO_COMMON_BLOCKS = YES;
				GCC_WARN_64_TO_32_BIT_CONVERSION = YES;
				GCC_WARN_ABOUT_RETURN_TYPE = YES_ERROR;
				GCC_WARN_UNDECLARED_SELECTOR = YES;
				GCC_WARN_UNINITIALIZED_AUTOS = YES_AGGRESSIVE;
				GCC_WARN_UNUSED_FUNCTION = YES;
				GCC_WARN_UNUSED_VARIABLE = YES;
				IPHONEOS_DEPLOYMENT_TARGET = 9.3;
				MTL_ENABLE_DEBUG_INFO = NO;
				SDKROOT = iphoneos;
				VALIDATE_PRODUCT = YES;
			};
			name = Release;
		};
		C03291301D439D2B00798825 /* Debug */ = {
			isa = XCBuildConfiguration;
			baseConfigurationReference = E9452C253AFC91652F9BB101 /* Pods-WhosCookin.debug.xcconfig */;
			buildSettings = {
				ASSETCATALOG_COMPILER_APPICON_NAME = AppIcon;
				INFOPLIST_FILE = WhosCookin/Info.plist;
				LD_RUNPATH_SEARCH_PATHS = "$(inherited) @executable_path/Frameworks";
				PRODUCT_BUNDLE_IDENTIFIER = ImagineME.WhosCookin;
				PRODUCT_NAME = "$(TARGET_NAME)";
			};
			name = Debug;
		};
		C03291311D439D2B00798825 /* Release */ = {
			isa = XCBuildConfiguration;
			baseConfigurationReference = EE3489D845F401BB66EA9BEE /* Pods-WhosCookin.release.xcconfig */;
			buildSettings = {
				ASSETCATALOG_COMPILER_APPICON_NAME = AppIcon;
				INFOPLIST_FILE = WhosCookin/Info.plist;
				LD_RUNPATH_SEARCH_PATHS = "$(inherited) @executable_path/Frameworks";
				PRODUCT_BUNDLE_IDENTIFIER = ImagineME.WhosCookin;
				PRODUCT_NAME = "$(TARGET_NAME)";
			};
			name = Release;
		};
		C03291331D439D2B00798825 /* Debug */ = {
			isa = XCBuildConfiguration;
			buildSettings = {
				BUNDLE_LOADER = "$(TEST_HOST)";
				INFOPLIST_FILE = WhosCookinTests/Info.plist;
				LD_RUNPATH_SEARCH_PATHS = "$(inherited) @executable_path/Frameworks @loader_path/Frameworks";
				PRODUCT_BUNDLE_IDENTIFIER = ImagineME.WhosCookinTests;
				PRODUCT_NAME = "$(TARGET_NAME)";
				TEST_HOST = "$(BUILT_PRODUCTS_DIR)/WhosCookin.app/WhosCookin";
			};
			name = Debug;
		};
		C03291341D439D2B00798825 /* Release */ = {
			isa = XCBuildConfiguration;
			buildSettings = {
				BUNDLE_LOADER = "$(TEST_HOST)";
				INFOPLIST_FILE = WhosCookinTests/Info.plist;
				LD_RUNPATH_SEARCH_PATHS = "$(inherited) @executable_path/Frameworks @loader_path/Frameworks";
				PRODUCT_BUNDLE_IDENTIFIER = ImagineME.WhosCookinTests;
				PRODUCT_NAME = "$(TARGET_NAME)";
				TEST_HOST = "$(BUILT_PRODUCTS_DIR)/WhosCookin.app/WhosCookin";
			};
			name = Release;
		};
		C03291361D439D2B00798825 /* Debug */ = {
			isa = XCBuildConfiguration;
			buildSettings = {
				INFOPLIST_FILE = WhosCookinUITests/Info.plist;
				LD_RUNPATH_SEARCH_PATHS = "$(inherited) @executable_path/Frameworks @loader_path/Frameworks";
				PRODUCT_BUNDLE_IDENTIFIER = ImagineME.WhosCookinUITests;
				PRODUCT_NAME = "$(TARGET_NAME)";
				TEST_TARGET_NAME = WhosCookin;
			};
			name = Debug;
		};
		C03291371D439D2B00798825 /* Release */ = {
			isa = XCBuildConfiguration;
			buildSettings = {
				INFOPLIST_FILE = WhosCookinUITests/Info.plist;
				LD_RUNPATH_SEARCH_PATHS = "$(inherited) @executable_path/Frameworks @loader_path/Frameworks";
				PRODUCT_BUNDLE_IDENTIFIER = ImagineME.WhosCookinUITests;
				PRODUCT_NAME = "$(TARGET_NAME)";
				TEST_TARGET_NAME = WhosCookin;
			};
			name = Release;
		};
/* End XCBuildConfiguration section */

/* Begin XCConfigurationList section */
		C03290FF1D439D2B00798825 /* Build configuration list for PBXProject "WhosCookin" */ = {
			isa = XCConfigurationList;
			buildConfigurations = (
				C032912D1D439D2B00798825 /* Debug */,
				C032912E1D439D2B00798825 /* Release */,
			);
			defaultConfigurationIsVisible = 0;
			defaultConfigurationName = Release;
		};
		C032912F1D439D2B00798825 /* Build configuration list for PBXNativeTarget "WhosCookin" */ = {
			isa = XCConfigurationList;
			buildConfigurations = (
				C03291301D439D2B00798825 /* Debug */,
				C03291311D439D2B00798825 /* Release */,
			);
			defaultConfigurationIsVisible = 0;
			defaultConfigurationName = Release;
		};
		C03291321D439D2B00798825 /* Build configuration list for PBXNativeTarget "WhosCookinTests" */ = {
			isa = XCConfigurationList;
			buildConfigurations = (
				C03291331D439D2B00798825 /* Debug */,
				C03291341D439D2B00798825 /* Release */,
			);
			defaultConfigurationIsVisible = 0;
			defaultConfigurationName = Release;
		};
		C03291351D439D2B00798825 /* Build configuration list for PBXNativeTarget "WhosCookinUITests" */ = {
			isa = XCConfigurationList;
			buildConfigurations = (
				C03291361D439D2B00798825 /* Debug */,
				C03291371D439D2B00798825 /* Release */,
			);
			defaultConfigurationIsVisible = 0;
			defaultConfigurationName = Release;
		};
/* End XCConfigurationList section */

/* Begin XCVersionGroup section */
		C032910E1D439D2B00798825 /* WhosCookin.xcdatamodeld */ = {
			isa = XCVersionGroup;
			children = (
				C032910F1D439D2B00798825 /* WhosCookin.xcdatamodel */,
			);
			currentVersion = C032910F1D439D2B00798825 /* WhosCookin.xcdatamodel */;
			path = WhosCookin.xcdatamodeld;
			sourceTree = "<group>";
			versionGroupType = wrapper.xcdatamodel;
		};
/* End XCVersionGroup section */
	};
	rootObject = C03290FC1D439D2B00798825 /* Project object */;
}
